// !$*UTF8*$!
{
	archiveVersion = 1;
	classes = {
	};
	objectVersion = 50;
	objects = {

/* Begin PBXBuildFile section */
		CA2AF17923F5466400BF809E /* ProfManager.swift in Sources */ = {isa = PBXBuildFile; fileRef = CA2AF17823F5466400BF809E /* ProfManager.swift */; };
		CA2AF17D23F54BC200BF809E /* ResultViewController.swift in Sources */ = {isa = PBXBuildFile; fileRef = CA2AF17C23F54BC200BF809E /* ResultViewController.swift */; };
		CA90096723F1283800325060 /* AppDelegate.swift in Sources */ = {isa = PBXBuildFile; fileRef = CA90096623F1283800325060 /* AppDelegate.swift */; };
		CA90096923F1283800325060 /* SceneDelegate.swift in Sources */ = {isa = PBXBuildFile; fileRef = CA90096823F1283800325060 /* SceneDelegate.swift */; };
		CA90096B23F1283800325060 /* ViewController.swift in Sources */ = {isa = PBXBuildFile; fileRef = CA90096A23F1283800325060 /* ViewController.swift */; };
		CA90096E23F1283800325060 /* Main.storyboard in Resources */ = {isa = PBXBuildFile; fileRef = CA90096C23F1283800325060 /* Main.storyboard */; };
		CA90097023F1283B00325060 /* Assets.xcassets in Resources */ = {isa = PBXBuildFile; fileRef = CA90096F23F1283B00325060 /* Assets.xcassets */; };
		CA90097323F1283B00325060 /* LaunchScreen.storyboard in Resources */ = {isa = PBXBuildFile; fileRef = CA90097123F1283B00325060 /* LaunchScreen.storyboard */; };
/* End PBXBuildFile section */

/* Begin PBXFileReference section */
		CA2AF17823F5466400BF809E /* ProfManager.swift */ = {isa = PBXFileReference; lastKnownFileType = sourcecode.swift; path = ProfManager.swift; sourceTree = "<group>"; };
		CA2AF17C23F54BC200BF809E /* ResultViewController.swift */ = {isa = PBXFileReference; lastKnownFileType = sourcecode.swift; path = ResultViewController.swift; sourceTree = "<group>"; };
		CA90096323F1283800325060 /* My Fututre Prof.app */ = {isa = PBXFileReference; explicitFileType = wrapper.application; includeInIndex = 0; path = "My Fututre Prof.app"; sourceTree = BUILT_PRODUCTS_DIR; };
		CA90096623F1283800325060 /* AppDelegate.swift */ = {isa = PBXFileReference; lastKnownFileType = sourcecode.swift; path = AppDelegate.swift; sourceTree = "<group>"; };
		CA90096823F1283800325060 /* SceneDelegate.swift */ = {isa = PBXFileReference; lastKnownFileType = sourcecode.swift; path = SceneDelegate.swift; sourceTree = "<group>"; };
		CA90096A23F1283800325060 /* ViewController.swift */ = {isa = PBXFileReference; lastKnownFileType = sourcecode.swift; path = ViewController.swift; sourceTree = "<group>"; };
		CA90096D23F1283800325060 /* Base */ = {isa = PBXFileReference; lastKnownFileType = file.storyboard; name = Base; path = Base.lproj/Main.storyboard; sourceTree = "<group>"; };
		CA90096F23F1283B00325060 /* Assets.xcassets */ = {isa = PBXFileReference; lastKnownFileType = folder.assetcatalog; path = Assets.xcassets; sourceTree = "<group>"; };
		CA90097223F1283B00325060 /* Base */ = {isa = PBXFileReference; lastKnownFileType = file.storyboard; name = Base; path = Base.lproj/LaunchScreen.storyboard; sourceTree = "<group>"; };
		CA90097423F1283B00325060 /* Info.plist */ = {isa = PBXFileReference; lastKnownFileType = text.plist.xml; path = Info.plist; sourceTree = "<group>"; };
/* End PBXFileReference section */

/* Begin PBXFrameworksBuildPhase section */
		CA90096023F1283800325060 /* Frameworks */ = {
			isa = PBXFrameworksBuildPhase;
			buildActionMask = 2147483647;
			files = (
			);
			runOnlyForDeploymentPostprocessing = 0;
		};
/* End PBXFrameworksBuildPhase section */

/* Begin PBXGroup section */
		CA2AF18023F5758E00BF809E /* VC */ = {
			isa = PBXGroup;
			children = (
				CA90096A23F1283800325060 /* ViewController.swift */,
				CA2AF17C23F54BC200BF809E /* ResultViewController.swift */,
			);
			path = VC;
			sourceTree = "<group>";
		};
		CA2AF18123F577EB00BF809E /* Model */ = {
			isa = PBXGroup;
			children = (
				CA2AF17823F5466400BF809E /* ProfManager.swift */,
			);
			path = Model;
			sourceTree = "<group>";
		};
		CA90095A23F1283800325060 = {
			isa = PBXGroup;
			children = (
				CA90096523F1283800325060 /* My Fututre Prof */,
				CA90096423F1283800325060 /* Products */,
			);
			sourceTree = "<group>";
		};
		CA90096423F1283800325060 /* Products */ = {
			isa = PBXGroup;
			children = (
				CA90096323F1283800325060 /* My Fututre Prof.app */,
			);
			name = Products;
			sourceTree = "<group>";
		};
		CA90096523F1283800325060 /* My Fututre Prof */ = {
			isa = PBXGroup;
			children = (
				CA90096623F1283800325060 /* AppDelegate.swift */,
				CA90096823F1283800325060 /* SceneDelegate.swift */,
				CA2AF18123F577EB00BF809E /* Model */,
				CA2AF18023F5758E00BF809E /* VC */,
				CA90096C23F1283800325060 /* Main.storyboard */,
				CA90096F23F1283B00325060 /* Assets.xcassets */,
				CA90097123F1283B00325060 /* LaunchScreen.storyboard */,
				CA90097423F1283B00325060 /* Info.plist */,
			);
			path = "My Fututre Prof";
			sourceTree = "<group>";
		};
/* End PBXGroup section */

/* Begin PBXNativeTarget section */
		CA90096223F1283800325060 /* My Fututre Prof */ = {
			isa = PBXNativeTarget;
			buildConfigurationList = CA90097723F1283B00325060 /* Build configuration list for PBXNativeTarget "My Fututre Prof" */;
			buildPhases = (
				CA90095F23F1283800325060 /* Sources */,
				CA90096023F1283800325060 /* Frameworks */,
				CA90096123F1283800325060 /* Resources */,
			);
			buildRules = (
			);
			dependencies = (
			);
			name = "My Fututre Prof";
			productName = "My Fututre Prof";
			productReference = CA90096323F1283800325060 /* My Fututre Prof.app */;
			productType = "com.apple.product-type.application";
		};
/* End PBXNativeTarget section */

/* Begin PBXProject section */
		CA90095B23F1283800325060 /* Project object */ = {
			isa = PBXProject;
			attributes = {
				LastSwiftUpdateCheck = 1130;
				LastUpgradeCheck = 1130;
				ORGANIZATIONNAME = Poseidon;
				TargetAttributes = {
					CA90096223F1283800325060 = {
						CreatedOnToolsVersion = 11.3.1;
					};
				};
			};
			buildConfigurationList = CA90095E23F1283800325060 /* Build configuration list for PBXProject "My Fututre Prof" */;
			compatibilityVersion = "Xcode 9.3";
			developmentRegion = en;
			hasScannedForEncodings = 0;
			knownRegions = (
				en,
				Base,
			);
			mainGroup = CA90095A23F1283800325060;
			productRefGroup = CA90096423F1283800325060 /* Products */;
			projectDirPath = "";
			projectRoot = "";
			targets = (
				CA90096223F1283800325060 /* My Fututre Prof */,
			);
		};
/* End PBXProject section */

/* Begin PBXResourcesBuildPhase section */
		CA90096123F1283800325060 /* Resources */ = {
			isa = PBXResourcesBuildPhase;
			buildActionMask = 2147483647;
			files = (
				CA90097323F1283B00325060 /* LaunchScreen.storyboard in Resources */,
				CA90097023F1283B00325060 /* Assets.xcassets in Resources */,
				CA90096E23F1283800325060 /* Main.storyboard in Resources */,
			);
			runOnlyForDeploymentPostprocessing = 0;
		};
/* End PBXResourcesBuildPhase section */

/* Begin PBXSourcesBuildPhase section */
		CA90095F23F1283800325060 /* Sources */ = {
			isa = PBXSourcesBuildPhase;
			buildActionMask = 2147483647;
			files = (
				CA2AF17D23F54BC200BF809E /* ResultViewController.swift in Sources */,
				CA90096B23F1283800325060 /* ViewController.swift in Sources */,
				CA90096723F1283800325060 /* AppDelegate.swift in Sources */,
				CA2AF17923F5466400BF809E /* ProfManager.swift in Sources */,
				CA90096923F1283800325060 /* SceneDelegate.swift in Sources */,
			);
			runOnlyForDeploymentPostprocessing = 0;
		};
/* End PBXSourcesBuildPhase section */

/* Begin PBXVariantGroup section */
		CA90096C23F1283800325060 /* Main.storyboard */ = {
			isa = PBXVariantGroup;
			children = (
				CA90096D23F1283800325060 /* Base */,
			);
			name = Main.storyboard;
			sourceTree = "<group>";
		};
		CA90097123F1283B00325060 /* LaunchScreen.storyboard */ = {
			isa = PBXVariantGroup;
			children = (
				CA90097223F1283B00325060 /* Base */,
			);
			name = LaunchScreen.storyboard;
			sourceTree = "<group>";
		};
/* End PBXVariantGroup section */

/* Begin XCBuildConfiguration section */
		CA90097523F1283B00325060 /* Debug */ = {
			isa = XCBuildConfiguration;
			buildSettings = {
				ALWAYS_SEARCH_USER_PATHS = NO;
				CLANG_ANALYZER_NONNULL = YES;
				CLANG_ANALYZER_NUMBER_OBJECT_CONVERSION = YES_AGGRESSIVE;
				CLANG_CXX_LANGUAGE_STANDARD = "gnu++14";
				CLANG_CXX_LIBRARY = "libc++";
				CLANG_ENABLE_MODULES = YES;
				CLANG_ENABLE_OBJC_ARC = YES;
				CLANG_ENABLE_OBJC_WEAK = YES;
				CLANG_WARN_BLOCK_CAPTURE_AUTORELEASING = YES;
				CLANG_WARN_BOOL_CONVERSION = YES;
				CLANG_WARN_COMMA = YES;
				CLANG_WARN_CONSTANT_CONVERSION = YES;
				CLANG_WARN_DEPRECATED_OBJC_IMPLEMENTATIONS = YES;
				CLANG_WARN_DIRECT_OBJC_ISA_USAGE = YES_ERROR;
				CLANG_WARN_DOCUMENTATION_COMMENTS = YES;
				CLANG_WARN_EMPTY_BODY = YES;
				CLANG_WARN_ENUM_CONVERSION = YES;
				CLANG_WARN_INFINITE_RECURSION = YES;
				CLANG_WARN_INT_CONVERSION = YES;
				CLANG_WARN_NON_LITERAL_NULL_CONVERSION = YES;
				CLANG_WARN_OBJC_IMPLICIT_RETAIN_SELF = YES;
				CLANG_WARN_OBJC_LITERAL_CONVERSION = YES;
				CLANG_WARN_OBJC_ROOT_CLASS = YES_ERROR;
				CLANG_WARN_RANGE_LOOP_ANALYSIS = YES;
				CLANG_WARN_STRICT_PROTOTYPES = YES;
				CLANG_WARN_SUSPICIOUS_MOVE = YES;
				CLANG_WARN_UNGUARDED_AVAILABILITY = YES_AGGRESSIVE;
				CLANG_WARN_UNREACHABLE_CODE = YES;
				CLANG_WARN__DUPLICATE_METHOD_MATCH = YES;
				COPY_PHASE_STRIP = NO;
				DEBUG_INFORMATION_FORMAT = dwarf;
				ENABLE_STRICT_OBJC_MSGSEND = YES;
				ENABLE_TESTABILITY = YES;
				GCC_C_LANGUAGE_STANDARD = gnu11;
				GCC_DYNAMIC_NO_PIC = NO;
				GCC_NO_COMMON_BLOCKS = YES;
				GCC_OPTIMIZATION_LEVEL = 0;
				GCC_PREPROCESSOR_DEFINITIONS = (
					"DEBUG=1",
					"$(inherited)",
				);
				GCC_WARN_64_TO_32_BIT_CONVERSION = YES;
				GCC_WARN_ABOUT_RETURN_TYPE = YES_ERROR;
				GCC_WARN_UNDECLARED_SELECTOR = YES;
				GCC_WARN_UNINITIALIZED_AUTOS = YES_AGGRESSIVE;
				GCC_WARN_UNUSED_FUNCTION = YES;
				GCC_WARN_UNUSED_VARIABLE = YES;
				IPHONEOS_DEPLOYMENT_TARGET = 13.2;
				MTL_ENABLE_DEBUG_INFO = INCLUDE_SOURCE;
				MTL_FAST_MATH = YES;
				ONLY_ACTIVE_ARCH = YES;
				SDKROOT = iphoneos;
				SWIFT_ACTIVE_COMPILATION_CONDITIONS = DEBUG;
				SWIFT_OPTIMIZATION_LEVEL = "-Onone";
			};
			name = Debug;
		};
		CA90097623F1283B00325060 /* Release */ = {
			isa = XCBuildConfiguration;
			buildSettings = {
				ALWAYS_SEARCH_USER_PATHS = NO;
				CLANG_ANALYZER_NONNULL = YES;
				CLANG_ANALYZER_NUMBER_OBJECT_CONVERSION = YES_AGGRESSIVE;
				CLANG_CXX_LANGUAGE_STANDARD = "gnu++14";
				CLANG_CXX_LIBRARY = "libc++";
				CLANG_ENABLE_MODULES = YES;
				CLANG_ENABLE_OBJC_ARC = YES;
				CLANG_ENABLE_OBJC_WEAK = YES;
				CLANG_WARN_BLOCK_CAPTURE_AUTORELEASING = YES;
				CLANG_WARN_BOOL_CONVERSION = YES;
				CLANG_WARN_COMMA = YES;
				CLANG_WARN_CONSTANT_CONVERSION = YES;
				CLANG_WARN_DEPRECATED_OBJC_IMPLEMENTATIONS = YES;
				CLANG_WARN_DIRECT_OBJC_ISA_USAGE = YES_ERROR;
				CLANG_WARN_DOCUMENTATION_COMMENTS = YES;
				CLANG_WARN_EMPTY_BODY = YES;
				CLANG_WARN_ENUM_CONVERSION = YES;
				CLANG_WARN_INFINITE_RECURSION = YES;
				CLANG_WARN_INT_CONVERSION = YES;
				CLANG_WARN_NON_LITERAL_NULL_CONVERSION = YES;
				CLANG_WARN_OBJC_IMPLICIT_RETAIN_SELF = YES;
				CLANG_WARN_OBJC_LITERAL_CONVERSION = YES;
				CLANG_WARN_OBJC_ROOT_CLASS = YES_ERROR;
				CLANG_WARN_RANGE_LOOP_ANALYSIS = YES;
				CLANG_WARN_STRICT_PROTOTYPES = YES;
				CLANG_WARN_SUSPICIOUS_MOVE = YES;
				CLANG_WARN_UNGUARDED_AVAILABILITY = YES_AGGRESSIVE;
				CLANG_WARN_UNREACHABLE_CODE = YES;
				CLANG_WARN__DUPLICATE_METHOD_MATCH = YES;
				COPY_PHASE_STRIP = NO;
				DEBUG_INFORMATION_FORMAT = "dwarf-with-dsym";
				ENABLE_NS_ASSERTIONS = NO;
				ENABLE_STRICT_OBJC_MSGSEND = YES;
				GCC_C_LANGUAGE_STANDARD = gnu11;
				GCC_NO_COMMON_BLOCKS = YES;
				GCC_WARN_64_TO_32_BIT_CONVERSION = YES;
				GCC_WARN_ABOUT_RETURN_TYPE = YES_ERROR;
				GCC_WARN_UNDECLARED_SELECTOR = YES;
				GCC_WARN_UNINITIALIZED_AUTOS = YES_AGGRESSIVE;
				GCC_WARN_UNUSED_FUNCTION = YES;
				GCC_WARN_UNUSED_VARIABLE = YES;
				IPHONEOS_DEPLOYMENT_TARGET = 13.2;
				MTL_ENABLE_DEBUG_INFO = NO;
				MTL_FAST_MATH = YES;
				SDKROOT = iphoneos;
				SWIFT_COMPILATION_MODE = wholemodule;
				SWIFT_OPTIMIZATION_LEVEL = "-O";
				VALIDATE_PRODUCT = YES;
			};
			name = Release;
		};
		CA90097823F1283B00325060 /* Debug */ = {
			isa = XCBuildConfiguration;
			buildSettings = {
				ASSETCATALOG_COMPILER_APPICON_NAME = AppIcon;
				CODE_SIGN_STYLE = Automatic;
				DEVELOPMENT_TEAM = C6J67PTCV9;
				INFOPLIST_FILE = "My Fututre Prof/Info.plist";
				IPHONEOS_DEPLOYMENT_TARGET = 13.0;
				LD_RUNPATH_SEARCH_PATHS = (
					"$(inherited)",
					"@executable_path/Frameworks",
				);
				PRODUCT_BUNDLE_IDENTIFIER = "com.poseidon.My-Fututre-Prof";
				PRODUCT_NAME = "$(TARGET_NAME)";
				SWIFT_VERSION = 5.0;
				TARGETED_DEVICE_FAMILY = "1,2";
			};
			name = Debug;
		};
		CA90097923F1283B00325060 /* Release */ = {
			isa = XCBuildConfiguration;
			buildSettings = {
				ASSETCATALOG_COMPILER_APPICON_NAME = AppIcon;
				CODE_SIGN_STYLE = Automatic;
				DEVELOPMENT_TEAM = C6J67PTCV9;
				INFOPLIST_FILE = "My Fututre Prof/Info.plist";
				IPHONEOS_DEPLOYMENT_TARGET = 13.0;
				LD_RUNPATH_SEARCH_PATHS = (
					"$(inherited)",
					"@executable_path/Frameworks",
				);
				PRODUCT_BUNDLE_IDENTIFIER = "com.poseidon.My-Fututre-Prof";
				PRODUCT_NAME = "$(TARGET_NAME)";
				SWIFT_VERSION = 5.0;
				TARGETED_DEVICE_FAMILY = "1,2";
			};
			name = Release;
		};
/* End XCBuildConfiguration section */

/* Begin XCConfigurationList section */
		CA90095E23F1283800325060 /* Build configuration list for PBXProject "My Fututre Prof" */ = {
			isa = XCConfigurationList;
			buildConfigurations = (
				CA90097523F1283B00325060 /* Debug */,
				CA90097623F1283B00325060 /* Release */,
			);
			defaultConfigurationIsVisible = 0;
			defaultConfigurationName = Release;
		};
		CA90097723F1283B00325060 /* Build configuration list for PBXNativeTarget "My Fututre Prof" */ = {
			isa = XCConfigurationList;
			buildConfigurations = (
				CA90097823F1283B00325060 /* Debug */,
				CA90097923F1283B00325060 /* Release */,
			);
			defaultConfigurationIsVisible = 0;
			defaultConfigurationName = Release;
		};
/* End XCConfigurationList section */
	};
	rootObject = CA90095B23F1283800325060 /* Project object */;
}
